
Microsoft Visual Studio Solution File, Format Version 12.00
# Visual Studio Version 17
VisualStudioVersion = 17.2.32602.215
MinimumVisualStudioVersion = 10.0.40219.1
Project("{FAE04EC0-301F-11D3-BF4B-00C04F79EFBC}") = "hompage", "hompage\hompage.csproj", "{4688DA7F-A3A0-4329-9774-C7E6394447CF}"
EndProject
Global
	GlobalSection(SolutionConfigurationPlatforms) = preSolution
		Debug|Any CPU = Debug|Any CPU
		Release|Any CPU = Release|Any CPU
	EndGlobalSection
	GlobalSection(ProjectConfigurationPlatforms) = postSolution
		{4688DA7F-A3A0-4329-9774-C7E6394447CF}.Debug|Any CPU.ActiveCfg = Debug|Any CPU
		{4688DA7F-A3A0-4329-9774-C7E6394447CF}.Debug|Any CPU.Build.0 = Debug|Any CPU
		{4688DA7F-A3A0-4329-9774-C7E6394447CF}.Release|Any CPU.ActiveCfg = Release|Any CPU
		{4688DA7F-A3A0-4329-9774-C7E6394447CF}.Release|Any CPU.Build.0 = Release|Any CPU
	EndGlobalSection
	GlobalSection(SolutionProperties) = preSolution
		HideSolutionNode = FALSE
	EndGlobalSection
	GlobalSection(ExtensibilityGlobals) = postSolution
		SolutionGuid = {62B00B26-4790-4B03-B4B6-A3B358FDFA52}
	EndGlobalSection
EndGlobal
